
Microsoft Visual Studio Solution File, Format Version 12.00
# Visual Studio Version 16
VisualStudioVersion = 16.0.29911.84
MinimumVisualStudioVersion = 10.0.40219.1
Project("{9A19103F-16F7-4668-BE54-9A1E7A4F7556}") = "CommonDotNetTypes", "Chapter 8\CommonDotNetTypes.csproj", "{087CAB9E-25A1-48E4-A475-D70AB394565C}"
EndProject
Project("{9A19103F-16F7-4668-BE54-9A1E7A4F7556}") = "WorkingWithNetwork", "WorkingWithNetwork\WorkingWithNetwork.csproj", "{CF13434C-4B55-4FF7-B34A-AE4953674C05}"
EndProject
Project("{9A19103F-16F7-4668-BE54-9A1E7A4F7556}") = "Internationalization", "Internationalization\Internationalization.csproj", "{4EC3796E-B849-456E-8B47-4BECB722057A}"
EndProject
Global
	GlobalSection(SolutionConfigurationPlatforms) = preSolution
		Debug|Any CPU = Debug|Any CPU
		Release|Any CPU = Release|Any CPU
	EndGlobalSection
	GlobalSection(ProjectConfigurationPlatforms) = postSolution
		{087CAB9E-25A1-48E4-A475-D70AB394565C}.Debug|Any CPU.ActiveCfg = Debug|Any CPU
		{087CAB9E-25A1-48E4-A475-D70AB394565C}.Debug|Any CPU.Build.0 = Debug|Any CPU
		{087CAB9E-25A1-48E4-A475-D70AB394565C}.Release|Any CPU.ActiveCfg = Release|Any CPU
		{087CAB9E-25A1-48E4-A475-D70AB394565C}.Release|Any CPU.Build.0 = Release|Any CPU
		{CF13434C-4B55-4FF7-B34A-AE4953674C05}.Debug|Any CPU.ActiveCfg = Debug|Any CPU
		{CF13434C-4B55-4FF7-B34A-AE4953674C05}.Debug|Any CPU.Build.0 = Debug|Any CPU
		{CF13434C-4B55-4FF7-B34A-AE4953674C05}.Release|Any CPU.ActiveCfg = Release|Any CPU
		{CF13434C-4B55-4FF7-B34A-AE4953674C05}.Release|Any CPU.Build.0 = Release|Any CPU
		{4EC3796E-B849-456E-8B47-4BECB722057A}.Debug|Any CPU.ActiveCfg = Debug|Any CPU
		{4EC3796E-B849-456E-8B47-4BECB722057A}.Debug|Any CPU.Build.0 = Debug|Any CPU
		{4EC3796E-B849-456E-8B47-4BECB722057A}.Release|Any CPU.ActiveCfg = Release|Any CPU
		{4EC3796E-B849-456E-8B47-4BECB722057A}.Release|Any CPU.Build.0 = Release|Any CPU
	EndGlobalSection
	GlobalSection(SolutionProperties) = preSolution
		HideSolutionNode = FALSE
	EndGlobalSection
	GlobalSection(ExtensibilityGlobals) = postSolution
		SolutionGuid = {44D41A6A-E6CD-43D7-97E2-70C3B7C7ED5E}
	EndGlobalSection
EndGlobal
