
Microsoft Visual Studio Solution File, Format Version 12.00
# Visual Studio Version 16
VisualStudioVersion = 16.0.29911.84
MinimumVisualStudioVersion = 10.0.40219.1
Project("{9A19103F-16F7-4668-BE54-9A1E7A4F7556}") = "WritingDebuggingAndTestingFunction", "Chapter 4\WritingDebuggingAndTestingFunction.csproj", "{F21F4272-7E4E-48CA-BCB0-1D6CDFDD4F4F}"
EndProject
Project("{9A19103F-16F7-4668-BE54-9A1E7A4F7556}") = "Function", "Function\Function.csproj", "{5F821FF6-425B-4312-AF04-912D0272D6E8}"
EndProject
Project("{9A19103F-16F7-4668-BE54-9A1E7A4F7556}") = "function 2 ordinal to cardinal", "function 2 ordinal to cardinal\function 2 ordinal to cardinal.csproj", "{C3507936-3E23-4E05-A622-791CF8BB4DC7}"
EndProject
Global
	GlobalSection(SolutionConfigurationPlatforms) = preSolution
		Debug|Any CPU = Debug|Any CPU
		Release|Any CPU = Release|Any CPU
	EndGlobalSection
	GlobalSection(ProjectConfigurationPlatforms) = postSolution
		{F21F4272-7E4E-48CA-BCB0-1D6CDFDD4F4F}.Debug|Any CPU.ActiveCfg = Debug|Any CPU
		{F21F4272-7E4E-48CA-BCB0-1D6CDFDD4F4F}.Debug|Any CPU.Build.0 = Debug|Any CPU
		{F21F4272-7E4E-48CA-BCB0-1D6CDFDD4F4F}.Release|Any CPU.ActiveCfg = Release|Any CPU
		{F21F4272-7E4E-48CA-BCB0-1D6CDFDD4F4F}.Release|Any CPU.Build.0 = Release|Any CPU
		{5F821FF6-425B-4312-AF04-912D0272D6E8}.Debug|Any CPU.ActiveCfg = Debug|Any CPU
		{5F821FF6-425B-4312-AF04-912D0272D6E8}.Debug|Any CPU.Build.0 = Debug|Any CPU
		{5F821FF6-425B-4312-AF04-912D0272D6E8}.Release|Any CPU.ActiveCfg = Release|Any CPU
		{5F821FF6-425B-4312-AF04-912D0272D6E8}.Release|Any CPU.Build.0 = Release|Any CPU
		{C3507936-3E23-4E05-A622-791CF8BB4DC7}.Debug|Any CPU.ActiveCfg = Debug|Any CPU
		{C3507936-3E23-4E05-A622-791CF8BB4DC7}.Debug|Any CPU.Build.0 = Debug|Any CPU
		{C3507936-3E23-4E05-A622-791CF8BB4DC7}.Release|Any CPU.ActiveCfg = Release|Any CPU
		{C3507936-3E23-4E05-A622-791CF8BB4DC7}.Release|Any CPU.Build.0 = Release|Any CPU
	EndGlobalSection
	GlobalSection(SolutionProperties) = preSolution
		HideSolutionNode = FALSE
	EndGlobalSection
	GlobalSection(ExtensibilityGlobals) = postSolution
		SolutionGuid = {17869F2D-BA02-47EA-AA9E-DBD17BA723D2}
	EndGlobalSection
EndGlobal
